{
  "name": "node-ipc",
  "version": "13.0.0",
  "lockfileVersion": 2,
  "requires": true,
  "packages": {
    "": {
      "name": "node-ipc",
      "version": "13.0.0",
      "license": "MIT",
      "dependencies": {
        "event-pubsub": "6.1.0",
        "js-message": "3.0.0",
        "js-queue": "2.0.2"
      },
      "devDependencies": {
        "node-http-server": "9.0.2",
        "vanilla-test": "2.1.1"
      },
      "engines": {
        "node": ">=22.12.0"
      }
    },
    "node_modules/ansi-colors-es6": {
      "version": "5.0.0",
      "resolved": "https://registry.npmjs.org/ansi-colors-es6/-/ansi-colors-es6-5.0.0.tgz",
      "integrity": "sha512-//DAVWjZto+Mmbm8czZxrwC1/QMi5Ka+c8H6jViO1L3McHYE5YLypSFP44EyrJVzPnTnnxOsjOHjLB262eNoDA==",
      "dev": true,
      "engines": {
        "node": ">=13"
      }
    },
    "node_modules/easy-stack": {
      "version": "1.0.1",
      "resolved": "https://registry.npmjs.org/easy-stack/-/easy-stack-1.0.1.tgz",
      "integrity": "sha512-wK2sCs4feiiJeFXn3zvY0p41mdU5VUgbgs1rNsc/y5ngFUijdWd+iIN8eoyuZHKB8xN6BL4PdWmzqFmxNg6V2w==",
      "engines": {
        "node": ">=6.0.0"
      }
    },
    "node_modules/event-pubsub": {
      "version": "6.1.0",
      "resolved": "https://registry.npmjs.org/event-pubsub/-/event-pubsub-6.1.0.tgz",
      "integrity": "sha512-FEMlhTxwqGM0hztTixG6FhVFXqp7Eq1ltk5mSreK6Mhy3xWWpLAzEUR6OMvMdNqT3jgSxA8JDhnhyAG3X4Xy7Q==",
      "license": "MIT",
      "dependencies": {
        "strong-type": "2.0.0"
      },
      "engines": {
        "node": ">=22.12.0"
      },
      "funding": {
        "url": "https://github.com/sponsors/RIAEvangelist"
      }
    },
    "node_modules/js-message": {
      "version": "3.0.0",
      "resolved": "https://registry.npmjs.org/js-message/-/js-message-3.0.0.tgz",
      "integrity": "sha512-WsaloKCrZHjhHlt/NPzUJeMJVLOmeM4rAUO1F7+qwJf2uyck/PMaAoteGlQ5j0L2aH/Zx6Oipjq260UsU2ooLA==",
      "license": "MIT",
      "engines": {
        "node": ">=13.2.0"
      }
    },
    "node_modules/js-queue": {
      "version": "2.0.2",
      "resolved": "https://registry.npmjs.org/js-queue/-/js-queue-2.0.2.tgz",
      "integrity": "sha512-pbKLsbCfi7kriM3s1J4DDCo7jQkI58zPLHi0heXPzPlj0hjUsm+FesPUbE0DSbIVIK503A36aUBoCN7eMFedkA==",
      "dependencies": {
        "easy-stack": "^1.0.1"
      },
      "engines": {
        "node": ">=1.0.0"
      }
    },
    "node_modules/node-http-server": {
      "version": "9.0.2",
      "resolved": "https://registry.npmjs.org/node-http-server/-/node-http-server-9.0.2.tgz",
      "integrity": "sha512-qm0iH3eE4FZhHzB2ZpHPMPDz3vGcfpWJm6KBfzdPXKZOICb+Qhvioz+wbMOz3AxCyI6zaVktGJEk0wAcxFZlMA==",
      "dev": true,
      "license": "MIT",
      "bin": {
        "node-http-server": "bin/nhs.js"
      },
      "engines": {
        "node": ">=22.12.0"
      },
      "funding": {
        "url": "https://github.com/sponsors/RIAEvangelist"
      }
    },
    "node_modules/strong-type": {
      "version": "2.0.0",
      "resolved": "https://registry.npmjs.org/strong-type/-/strong-type-2.0.0.tgz",
      "integrity": "sha512-HHrY9qYC7yn+5mlewiI3k9RQM9gZqGQsqbomZcd10Ks0h4RlX01nnkWbCe4AsVPCI6KaFvpkWm1nHMD+Ykup6g==",
      "license": "MIT",
      "engines": {
        "node": ">=12.21.0"
      }
    },
    "node_modules/vanilla-test": {
      "version": "2.1.1",
      "resolved": "https://registry.npmjs.org/vanilla-test/-/vanilla-test-2.1.1.tgz",
      "integrity": "sha512-6Pn4AK1N8HDKkkbx7lKkoo5umqpaxgwh3P5WRaIbLR72GWBAkFa16zdfCVI7FHqmfH9Nv6orgluwb//lm9ynQg==",
      "dev": true,
      "license": "MIT",
      "dependencies": {
        "ansi-colors-es6": "^5.0.0",
        "strong-type": "^2.0.0"
      },
      "bin": {
        "vanilla-test": "bin/vanilla-test.js"
      },
      "engines": {
        "node": ">=22.12.0"
      }
    }
  },
  "dependencies": {
    "ansi-colors-es6": {
      "version": "5.0.0",
      "resolved": "https://registry.npmjs.org/ansi-colors-es6/-/ansi-colors-es6-5.0.0.tgz",
      "integrity": "sha512-//DAVWjZto+Mmbm8czZxrwC1/QMi5Ka+c8H6jViO1L3McHYE5YLypSFP44EyrJVzPnTnnxOsjOHjLB262eNoDA==",
      "dev": true
    },
    "easy-stack": {
      "version": "1.0.1",
      "resolved": "https://registry.npmjs.org/easy-stack/-/easy-stack-1.0.1.tgz",
      "integrity": "sha512-wK2sCs4feiiJeFXn3zvY0p41mdU5VUgbgs1rNsc/y5ngFUijdWd+iIN8eoyuZHKB8xN6BL4PdWmzqFmxNg6V2w=="
    },
    "event-pubsub": {
      "version": "6.1.0",
      "resolved": "https://registry.npmjs.org/event-pubsub/-/event-pubsub-6.1.0.tgz",
      "integrity": "sha512-FEMlhTxwqGM0hztTixG6FhVFXqp7Eq1ltk5mSreK6Mhy3xWWpLAzEUR6OMvMdNqT3jgSxA8JDhnhyAG3X4Xy7Q==",
      "requires": {
        "strong-type": "2.0.0"
      }
    },
    "js-message": {
      "version": "3.0.0",
      "resolved": "https://registry.npmjs.org/js-message/-/js-message-3.0.0.tgz",
      "integrity": "sha512-WsaloKCrZHjhHlt/NPzUJeMJVLOmeM4rAUO1F7+qwJf2uyck/PMaAoteGlQ5j0L2aH/Zx6Oipjq260UsU2ooLA=="
    },
    "js-queue": {
      "version": "2.0.2",
      "resolved": "https://registry.npmjs.org/js-queue/-/js-queue-2.0.2.tgz",
      "integrity": "sha512-pbKLsbCfi7kriM3s1J4DDCo7jQkI58zPLHi0heXPzPlj0hjUsm+FesPUbE0DSbIVIK503A36aUBoCN7eMFedkA==",
      "requires": {
        "easy-stack": "^1.0.1"
      }
    },
    "node-http-server": {
      "version": "9.0.2",
      "resolved": "https://registry.npmjs.org/node-http-server/-/node-http-server-9.0.2.tgz",
      "integrity": "sha512-qm0iH3eE4FZhHzB2ZpHPMPDz3vGcfpWJm6KBfzdPXKZOICb+Qhvioz+wbMOz3AxCyI6zaVktGJEk0wAcxFZlMA==",
      "dev": true
    },
    "strong-type": {
      "version": "2.0.0",
      "resolved": "https://registry.npmjs.org/strong-type/-/strong-type-2.0.0.tgz",
      "integrity": "sha512-HHrY9qYC7yn+5mlewiI3k9RQM9gZqGQsqbomZcd10Ks0h4RlX01nnkWbCe4AsVPCI6KaFvpkWm1nHMD+Ykup6g=="
    },
    "vanilla-test": {
      "version": "2.1.1",
      "resolved": "https://registry.npmjs.org/vanilla-test/-/vanilla-test-2.1.1.tgz",
      "integrity": "sha512-6Pn4AK1N8HDKkkbx7lKkoo5umqpaxgwh3P5WRaIbLR72GWBAkFa16zdfCVI7FHqmfH9Nv6orgluwb//lm9ynQg==",
      "dev": true,
      "requires": {
        "ansi-colors-es6": "^5.0.0",
        "strong-type": "^2.0.0"
      }
    }
  }
}
