{
  "name": "node-ipc",
  "version": "13.0.0",
  "lockfileVersion": 3,
  "requires": true,
  "packages": {
    "": {
      "name": "node-ipc",
      "version": "13.0.0",
      "license": "MIT",
      "dependencies": {
        "event-pubsub": "6.1.0",
        "js-message": "3.1.0",
        "js-queue": "3.1.0"
      },
      "devDependencies": {
        "node-http-server": "9.1.0",
        "vanilla-test": "2.1.2"
      },
      "engines": {
        "node": ">=22.13.0"
      }
    },
    "node_modules/ansi-colors-es6": {
      "version": "5.0.0",
      "resolved": "https://registry.npmjs.org/ansi-colors-es6/-/ansi-colors-es6-5.0.0.tgz",
      "integrity": "sha512-//DAVWjZto+Mmbm8czZxrwC1/QMi5Ka+c8H6jViO1L3McHYE5YLypSFP44EyrJVzPnTnnxOsjOHjLB262eNoDA==",
      "dev": true,
      "engines": {
        "node": ">=13"
      }
    },
    "node_modules/easy-stack": {
      "version": "2.1.0",
      "resolved": "https://registry.npmjs.org/easy-stack/-/easy-stack-2.1.0.tgz",
      "integrity": "sha512-ZpUD5AJeKhRic1RrajfGKuLl721bCeIpnAj1i7BtlC1XX5Mb52ku3e9pDWryV32yndd28ZyqdVsVcBuI7WY2Iw==",
      "license": "MIT",
      "engines": {
        "node": ">=22.13.0"
      }
    },
    "node_modules/event-pubsub": {
      "version": "6.1.0",
      "resolved": "https://registry.npmjs.org/event-pubsub/-/event-pubsub-6.1.0.tgz",
      "integrity": "sha512-FEMlhTxwqGM0hztTixG6FhVFXqp7Eq1ltk5mSreK6Mhy3xWWpLAzEUR6OMvMdNqT3jgSxA8JDhnhyAG3X4Xy7Q==",
      "license": "MIT",
      "dependencies": {
        "strong-type": "2.0.0"
      },
      "engines": {
        "node": ">=22.12.0"
      },
      "funding": {
        "url": "https://github.com/sponsors/RIAEvangelist"
      }
    },
    "node_modules/js-message": {
      "version": "3.1.0",
      "resolved": "https://registry.npmjs.org/js-message/-/js-message-3.1.0.tgz",
      "integrity": "sha512-k9iKFwzyAbz8gDJXIvIohSBaXeG3PvFzVwUccaDf0vv8LbEMpOvUfpyE6MGrlovliFdhTBUcIvXfSxOZkorWhA==",
      "license": "MIT",
      "engines": {
        "node": ">=22.13.0"
      }
    },
    "node_modules/js-queue": {
      "version": "3.1.0",
      "resolved": "https://registry.npmjs.org/js-queue/-/js-queue-3.1.0.tgz",
      "integrity": "sha512-qENB7XiNpXyxg6132Bwz08uq8GQyaVhD53O41d1F45aCHbKD82bkgZYHWqBGsWggDy8KuY5mPzG7oDnUV7Mn8A==",
      "license": "MIT",
      "dependencies": {
        "easy-stack": "2.1.0"
      },
      "engines": {
        "node": ">=22.13.0"
      }
    },
    "node_modules/node-http-server": {
      "version": "9.1.0",
      "resolved": "https://registry.npmjs.org/node-http-server/-/node-http-server-9.1.0.tgz",
      "integrity": "sha512-wAqPmcN7coe9zNXde5Nh0+duXvmskVtY+jXA+md0mtR+QkQ+Kvii8gNI6uY81pTuKRm9DU6qkvA0M1q5fTCD4w==",
      "dev": true,
      "license": "MIT",
      "bin": {
        "node-http-server": "bin/nhs.js"
      },
      "engines": {
        "node": ">=22.12.0"
      },
      "funding": {
        "url": "https://github.com/sponsors/RIAEvangelist"
      }
    },
    "node_modules/strong-type": {
      "version": "2.0.0",
      "resolved": "https://registry.npmjs.org/strong-type/-/strong-type-2.0.0.tgz",
      "integrity": "sha512-HHrY9qYC7yn+5mlewiI3k9RQM9gZqGQsqbomZcd10Ks0h4RlX01nnkWbCe4AsVPCI6KaFvpkWm1nHMD+Ykup6g==",
      "license": "MIT",
      "engines": {
        "node": ">=12.21.0"
      }
    },
    "node_modules/vanilla-test": {
      "version": "2.1.2",
      "resolved": "https://registry.npmjs.org/vanilla-test/-/vanilla-test-2.1.2.tgz",
      "integrity": "sha512-y+3XcnLNm0Hj6wefM771XG3BMANe6FsuiCq0d/dY+JlGlNlE/3uFJC3SfeNHKcokRYZ1zTpOIGmj0kvTQf71Xw==",
      "dev": true,
      "license": "MIT",
      "dependencies": {
        "ansi-colors-es6": "^5.0.0",
        "strong-type": "^2.0.1"
      },
      "bin": {
        "vanilla-test": "bin/vanilla-test.js"
      },
      "engines": {
        "node": ">=22.12.0"
      }
    },
    "node_modules/vanilla-test/node_modules/strong-type": {
      "version": "2.0.1",
      "resolved": "https://registry.npmjs.org/strong-type/-/strong-type-2.0.1.tgz",
      "integrity": "sha512-EUAsA8f1HowvEHkS5u6F1X1lY4jIgXPNPJ8IYr16//iyFQQPKbPZkzjojMyLsDhzhilKIft2ItZx+UBhI2TfXw==",
      "dev": true,
      "license": "MIT",
      "engines": {
        "node": ">=12.21.0"
      }
    }
  }
}
